
Microsoft Visual Studio Solution File, Format Version 12.00
# Visual Studio Version 16
VisualStudioVersion = 16.0.29709.97
MinimumVisualStudioVersion = 10.0.40219.1
Project("{FAE04EC0-301F-11D3-BF4B-00C04F79EFBC}") = "CalculoEntreFechas", "CalculoEntreFechas\CalculoEntreFechas.csproj", "{FEB3F4BC-F06A-4C12-BEAC-541870C4CEF8}"
EndProject
Global
	GlobalSection(SolutionConfigurationPlatforms) = preSolution
		Debug|Any CPU = Debug|Any CPU
		Release|Any CPU = Release|Any CPU
	EndGlobalSection
	GlobalSection(ProjectConfigurationPlatforms) = postSolution
		{FEB3F4BC-F06A-4C12-BEAC-541870C4CEF8}.Debug|Any CPU.ActiveCfg = Debug|Any CPU
		{FEB3F4BC-F06A-4C12-BEAC-541870C4CEF8}.Debug|Any CPU.Build.0 = Debug|Any CPU
		{FEB3F4BC-F06A-4C12-BEAC-541870C4CEF8}.Release|Any CPU.ActiveCfg = Release|Any CPU
		{FEB3F4BC-F06A-4C12-BEAC-541870C4CEF8}.Release|Any CPU.Build.0 = Release|Any CPU
	EndGlobalSection
	GlobalSection(SolutionProperties) = preSolution
		HideSolutionNode = FALSE
	EndGlobalSection
	GlobalSection(ExtensibilityGlobals) = postSolution
		SolutionGuid = {C805C13D-54B4-498D-973B-54F3F4EE5CC2}
	EndGlobalSection
EndGlobal
